// !$*UTF8*$!
{
	archiveVersion = 1;
	classes = {
	};
	objectVersion = 55;
	objects = {

/* Begin PBXBuildFile section */
		80B896AD28AB6ED200371E0B /* FavoriteView.swift in Sources */ = {isa = PBXBuildFile; fileRef = 80B896AC28AB6ED100371E0B /* FavoriteView.swift */; };
		80B896AF28AB77BC00371E0B /* FavBox .swift in Sources */ = {isa = PBXBuildFile; fileRef = 80B896AE28AB77BC00371E0B /* FavBox .swift */; };
		80B896D428AFEEBD00371E0B /* TodaysDetailView.swift in Sources */ = {isa = PBXBuildFile; fileRef = 80B896D328AFEEBD00371E0B /* TodaysDetailView.swift */; };
		80B896D628AFEEFA00371E0B /* TodaysTempView.swift in Sources */ = {isa = PBXBuildFile; fileRef = 80B896D528AFEEFA00371E0B /* TodaysTempView.swift */; };
		80B896D828AFEF1D00371E0B /* CurrentView.swift in Sources */ = {isa = PBXBuildFile; fileRef = 80B896D728AFEF1D00371E0B /* CurrentView.swift */; };
		80B896DA28AFEF5600371E0B /* ThisWeekView.swift in Sources */ = {isa = PBXBuildFile; fileRef = 80B896D928AFEF5600371E0B /* ThisWeekView.swift */; };
		80B8FB7F28A9352800006A47 /* weatherAppApp.swift in Sources */ = {isa = PBXBuildFile; fileRef = 80B8FB7E28A9352800006A47 /* weatherAppApp.swift */; };
		80B8FB8128A9352800006A47 /* ContentView.swift in Sources */ = {isa = PBXBuildFile; fileRef = 80B8FB8028A9352800006A47 /* ContentView.swift */; };
		80B8FB8328A9352F00006A47 /* Assets.xcassets in Resources */ = {isa = PBXBuildFile; fileRef = 80B8FB8228A9352F00006A47 /* Assets.xcassets */; };
		80B8FB8628A9352F00006A47 /* Preview Assets.xcassets in Resources */ = {isa = PBXBuildFile; fileRef = 80B8FB8528A9352F00006A47 /* Preview Assets.xcassets */; };
		80B8FB8D28A9374200006A47 /* WeatherModel.swift in Sources */ = {isa = PBXBuildFile; fileRef = 80B8FB8C28A9374200006A47 /* WeatherModel.swift */; };
		80B8FB8F28A9384400006A47 /* WeatherAPIClient.swift in Sources */ = {isa = PBXBuildFile; fileRef = 80B8FB8E28A9384400006A47 /* WeatherAPIClient.swift */; };
		80B8FBA228AAA41500006A47 /* Main.swift in Sources */ = {isa = PBXBuildFile; fileRef = 80B8FBA128AAA41500006A47 /* Main.swift */; };
/* End PBXBuildFile section */

/* Begin PBXCopyFilesBuildPhase section */
		80B8FB9F28A9E8BD00006A47 /* Embed App Extensions */ = {
			isa = PBXCopyFilesBuildPhase;
			buildActionMask = 2147483647;
			dstPath = "";
			dstSubfolderSpec = 13;
			files = (
			);
			name = "Embed App Extensions";
			runOnlyForDeploymentPostprocessing = 0;
		};
/* End PBXCopyFilesBuildPhase section */

/* Begin PBXFileReference section */
		80B896AC28AB6ED100371E0B /* FavoriteView.swift */ = {isa = PBXFileReference; lastKnownFileType = sourcecode.swift; path = FavoriteView.swift; sourceTree = "<group>"; };
		80B896AE28AB77BC00371E0B /* FavBox .swift */ = {isa = PBXFileReference; lastKnownFileType = sourcecode.swift; path = "FavBox .swift"; sourceTree = "<group>"; };
		80B896D328AFEEBD00371E0B /* TodaysDetailView.swift */ = {isa = PBXFileReference; lastKnownFileType = sourcecode.swift; path = TodaysDetailView.swift; sourceTree = "<group>"; };
		80B896D528AFEEFA00371E0B /* TodaysTempView.swift */ = {isa = PBXFileReference; lastKnownFileType = sourcecode.swift; path = TodaysTempView.swift; sourceTree = "<group>"; };
		80B896D728AFEF1D00371E0B /* CurrentView.swift */ = {isa = PBXFileReference; lastKnownFileType = sourcecode.swift; path = CurrentView.swift; sourceTree = "<group>"; };
		80B896D928AFEF5600371E0B /* ThisWeekView.swift */ = {isa = PBXFileReference; lastKnownFileType = sourcecode.swift; path = ThisWeekView.swift; sourceTree = "<group>"; };
		80B8FB7B28A9352800006A47 /* weatherApp.app */ = {isa = PBXFileReference; explicitFileType = wrapper.application; includeInIndex = 0; path = weatherApp.app; sourceTree = BUILT_PRODUCTS_DIR; };
		80B8FB7E28A9352800006A47 /* weatherAppApp.swift */ = {isa = PBXFileReference; lastKnownFileType = sourcecode.swift; path = weatherAppApp.swift; sourceTree = "<group>"; };
		80B8FB8028A9352800006A47 /* ContentView.swift */ = {isa = PBXFileReference; lastKnownFileType = sourcecode.swift; path = ContentView.swift; sourceTree = "<group>"; };
		80B8FB8228A9352F00006A47 /* Assets.xcassets */ = {isa = PBXFileReference; lastKnownFileType = folder.assetcatalog; path = Assets.xcassets; sourceTree = "<group>"; };
		80B8FB8528A9352F00006A47 /* Preview Assets.xcassets */ = {isa = PBXFileReference; lastKnownFileType = folder.assetcatalog; path = "Preview Assets.xcassets"; sourceTree = "<group>"; };
		80B8FB8C28A9374200006A47 /* WeatherModel.swift */ = {isa = PBXFileReference; lastKnownFileType = sourcecode.swift; path = WeatherModel.swift; sourceTree = "<group>"; };
		80B8FB8E28A9384400006A47 /* WeatherAPIClient.swift */ = {isa = PBXFileReference; lastKnownFileType = sourcecode.swift; path = WeatherAPIClient.swift; sourceTree = "<group>"; };
		80B8FBA128AAA41500006A47 /* Main.swift */ = {isa = PBXFileReference; lastKnownFileType = sourcecode.swift; path = Main.swift; sourceTree = "<group>"; };
/* End PBXFileReference section */

/* Begin PBXFrameworksBuildPhase section */
		80B8FB7828A9352800006A47 /* Frameworks */ = {
			isa = PBXFrameworksBuildPhase;
			buildActionMask = 2147483647;
			files = (
			);
			runOnlyForDeploymentPostprocessing = 0;
		};
/* End PBXFrameworksBuildPhase section */

/* Begin PBXGroup section */
		80B8FB7228A9352800006A47 = {
			isa = PBXGroup;
			children = (
				80B896D928AFEF5600371E0B /* ThisWeekView.swift */,
				80B896D728AFEF1D00371E0B /* CurrentView.swift */,
				80B896D528AFEEFA00371E0B /* TodaysTempView.swift */,
				80B896D328AFEEBD00371E0B /* TodaysDetailView.swift */,
				80B8FB7D28A9352800006A47 /* weatherApp */,
				80B8FB7C28A9352800006A47 /* Products */,
			);
			sourceTree = "<group>";
		};
		80B8FB7C28A9352800006A47 /* Products */ = {
			isa = PBXGroup;
			children = (
				80B8FB7B28A9352800006A47 /* weatherApp.app */,
			);
			name = Products;
			sourceTree = "<group>";
		};
		80B8FB7D28A9352800006A47 /* weatherApp */ = {
			isa = PBXGroup;
			children = (
				80B8FB7E28A9352800006A47 /* weatherAppApp.swift */,
				80B8FBA128AAA41500006A47 /* Main.swift */,
				80B8FB8028A9352800006A47 /* ContentView.swift */,
				80B896AC28AB6ED100371E0B /* FavoriteView.swift */,
				80B896AE28AB77BC00371E0B /* FavBox .swift */,
				80B8FB8C28A9374200006A47 /* WeatherModel.swift */,
				80B8FB8E28A9384400006A47 /* WeatherAPIClient.swift */,
				80B8FB8228A9352F00006A47 /* Assets.xcassets */,
				80B8FB8428A9352F00006A47 /* Preview Content */,
			);
			path = weatherApp;
			sourceTree = "<group>";
		};
		80B8FB8428A9352F00006A47 /* Preview Content */ = {
			isa = PBXGroup;
			children = (
				80B8FB8528A9352F00006A47 /* Preview Assets.xcassets */,
			);
			path = "Preview Content";
			sourceTree = "<group>";
		};
/* End PBXGroup section */

/* Begin PBXNativeTarget section */
		80B8FB7A28A9352800006A47 /* weatherApp */ = {
			isa = PBXNativeTarget;
			buildConfigurationList = 80B8FB8928A9352F00006A47 /* Build configuration list for PBXNativeTarget "weatherApp" */;
			buildPhases = (
				80B8FB7728A9352800006A47 /* Sources */,
				80B8FB7828A9352800006A47 /* Frameworks */,
				80B8FB7928A9352800006A47 /* Resources */,
				80B8FB9F28A9E8BD00006A47 /* Embed App Extensions */,
			);
			buildRules = (
			);
			dependencies = (
			);
			name = weatherApp;
			productName = weatherApp;
			productReference = 80B8FB7B28A9352800006A47 /* weatherApp.app */;
			productType = "com.apple.product-type.application";
		};
/* End PBXNativeTarget section */

/* Begin PBXProject section */
		80B8FB7328A9352800006A47 /* Project object */ = {
			isa = PBXProject;
			attributes = {
				BuildIndependentTargetsInParallel = 1;
				LastSwiftUpdateCheck = 1340;
				LastUpgradeCheck = 1340;
				TargetAttributes = {
					80B8FB7A28A9352800006A47 = {
						CreatedOnToolsVersion = 13.4.1;
					};
				};
			};
			buildConfigurationList = 80B8FB7628A9352800006A47 /* Build configuration list for PBXProject "weatherApp" */;
			compatibilityVersion = "Xcode 13.0";
			developmentRegion = en;
			hasScannedForEncodings = 0;
			knownRegions = (
				en,
				Base,
			);
			mainGroup = 80B8FB7228A9352800006A47;
			productRefGroup = 80B8FB7C28A9352800006A47 /* Products */;
			projectDirPath = "";
			projectRoot = "";
			targets = (
				80B8FB7A28A9352800006A47 /* weatherApp */,
			);
		};
/* End PBXProject section */

/* Begin PBXResourcesBuildPhase section */
		80B8FB7928A9352800006A47 /* Resources */ = {
			isa = PBXResourcesBuildPhase;
			buildActionMask = 2147483647;
			files = (
				80B8FB8628A9352F00006A47 /* Preview Assets.xcassets in Resources */,
				80B8FB8328A9352F00006A47 /* Assets.xcassets in Resources */,
			);
			runOnlyForDeploymentPostprocessing = 0;
		};
/* End PBXResourcesBuildPhase section */

/* Begin PBXSourcesBuildPhase section */
		80B8FB7728A9352800006A47 /* Sources */ = {
			isa = PBXSourcesBuildPhase;
			buildActionMask = 2147483647;
			files = (
				80B896AF28AB77BC00371E0B /* FavBox .swift in Sources */,
				80B8FBA228AAA41500006A47 /* Main.swift in Sources */,
				80B8FB8128A9352800006A47 /* ContentView.swift in Sources */,
				80B896D428AFEEBD00371E0B /* TodaysDetailView.swift in Sources */,
				80B896DA28AFEF5600371E0B /* ThisWeekView.swift in Sources */,
				80B8FB8D28A9374200006A47 /* WeatherModel.swift in Sources */,
				80B8FB8F28A9384400006A47 /* WeatherAPIClient.swift in Sources */,
				80B896AD28AB6ED200371E0B /* FavoriteView.swift in Sources */,
				80B896D628AFEEFA00371E0B /* TodaysTempView.swift in Sources */,
				80B896D828AFEF1D00371E0B /* CurrentView.swift in Sources */,
				80B8FB7F28A9352800006A47 /* weatherAppApp.swift in Sources */,
			);
			runOnlyForDeploymentPostprocessing = 0;
		};
/* End PBXSourcesBuildPhase section */

/* Begin XCBuildConfiguration section */
		80B8FB8728A9352F00006A47 /* Debug */ = {
			isa = XCBuildConfiguration;
			buildSettings = {
				ALWAYS_SEARCH_USER_PATHS = NO;
				CLANG_ANALYZER_NONNULL = YES;
				CLANG_ANALYZER_NUMBER_OBJECT_CONVERSION = YES_AGGRESSIVE;
				CLANG_CXX_LANGUAGE_STANDARD = "gnu++17";
				CLANG_ENABLE_MODULES = YES;
				CLANG_ENABLE_OBJC_ARC = YES;
				CLANG_ENABLE_OBJC_WEAK = YES;
				CLANG_WARN_BLOCK_CAPTURE_AUTORELEASING = YES;
				CLANG_WARN_BOOL_CONVERSION = YES;
				CLANG_WARN_COMMA = YES;
				CLANG_WARN_CONSTANT_CONVERSION = YES;
				CLANG_WARN_DEPRECATED_OBJC_IMPLEMENTATIONS = YES;
				CLANG_WARN_DIRECT_OBJC_ISA_USAGE = YES_ERROR;
				CLANG_WARN_DOCUMENTATION_COMMENTS = YES;
				CLANG_WARN_EMPTY_BODY = YES;
				CLANG_WARN_ENUM_CONVERSION = YES;
				CLANG_WARN_INFINITE_RECURSION = YES;
				CLANG_WARN_INT_CONVERSION = YES;
				CLANG_WARN_NON_LITERAL_NULL_CONVERSION = YES;
				CLANG_WARN_OBJC_IMPLICIT_RETAIN_SELF = YES;
				CLANG_WARN_OBJC_LITERAL_CONVERSION = YES;
				CLANG_WARN_OBJC_ROOT_CLASS = YES_ERROR;
				CLANG_WARN_QUOTED_INCLUDE_IN_FRAMEWORK_HEADER = YES;
				CLANG_WARN_RANGE_LOOP_ANALYSIS = YES;
				CLANG_WARN_STRICT_PROTOTYPES = YES;
				CLANG_WARN_SUSPICIOUS_MOVE = YES;
				CLANG_WARN_UNGUARDED_AVAILABILITY = YES_AGGRESSIVE;
				CLANG_WARN_UNREACHABLE_CODE = YES;
				CLANG_WARN__DUPLICATE_METHOD_MATCH = YES;
				COPY_PHASE_STRIP = NO;
				DEBUG_INFORMATION_FORMAT = dwarf;
				ENABLE_STRICT_OBJC_MSGSEND = YES;
				ENABLE_TESTABILITY = YES;
				GCC_C_LANGUAGE_STANDARD = gnu11;
				GCC_DYNAMIC_NO_PIC = NO;
				GCC_NO_COMMON_BLOCKS = YES;
				GCC_OPTIMIZATION_LEVEL = 0;
				GCC_PREPROCESSOR_DEFINITIONS = (
					"DEBUG=1",
					"$(inherited)",
				);
				GCC_WARN_64_TO_32_BIT_CONVERSION = YES;
				GCC_WARN_ABOUT_RETURN_TYPE = YES_ERROR;
				GCC_WARN_UNDECLARED_SELECTOR = YES;
				GCC_WARN_UNINITIALIZED_AUTOS = YES_AGGRESSIVE;
				GCC_WARN_UNUSED_FUNCTION = YES;
				GCC_WARN_UNUSED_VARIABLE = YES;
				IPHONEOS_DEPLOYMENT_TARGET = 15.5;
				MTL_ENABLE_DEBUG_INFO = INCLUDE_SOURCE;
				MTL_FAST_MATH = YES;
				ONLY_ACTIVE_ARCH = YES;
				SDKROOT = iphoneos;
				SWIFT_ACTIVE_COMPILATION_CONDITIONS = DEBUG;
				SWIFT_OPTIMIZATION_LEVEL = "-Onone";
			};
			name = Debug;
		};
		80B8FB8828A9352F00006A47 /* Release */ = {
			isa = XCBuildConfiguration;
			buildSettings = {
				ALWAYS_SEARCH_USER_PATHS = NO;
				CLANG_ANALYZER_NONNULL = YES;
				CLANG_ANALYZER_NUMBER_OBJECT_CONVERSION = YES_AGGRESSIVE;
				CLANG_CXX_LANGUAGE_STANDARD = "gnu++17";
				CLANG_ENABLE_MODULES = YES;
				CLANG_ENABLE_OBJC_ARC = YES;
				CLANG_ENABLE_OBJC_WEAK = YES;
				CLANG_WARN_BLOCK_CAPTURE_AUTORELEASING = YES;
				CLANG_WARN_BOOL_CONVERSION = YES;
				CLANG_WARN_COMMA = YES;
				CLANG_WARN_CONSTANT_CONVERSION = YES;
				CLANG_WARN_DEPRECATED_OBJC_IMPLEMENTATIONS = YES;
				CLANG_WARN_DIRECT_OBJC_ISA_USAGE = YES_ERROR;
				CLANG_WARN_DOCUMENTATION_COMMENTS = YES;
				CLANG_WARN_EMPTY_BODY = YES;
				CLANG_WARN_ENUM_CONVERSION = YES;
				CLANG_WARN_INFINITE_RECURSION = YES;
				CLANG_WARN_INT_CONVERSION = YES;
				CLANG_WARN_NON_LITERAL_NULL_CONVERSION = YES;
				CLANG_WARN_OBJC_IMPLICIT_RETAIN_SELF = YES;
				CLANG_WARN_OBJC_LITERAL_CONVERSION = YES;
				CLANG_WARN_OBJC_ROOT_CLASS = YES_ERROR;
				CLANG_WARN_QUOTED_INCLUDE_IN_FRAMEWORK_HEADER = YES;
				CLANG_WARN_RANGE_LOOP_ANALYSIS = YES;
				CLANG_WARN_STRICT_PROTOTYPES = YES;
				CLANG_WARN_SUSPICIOUS_MOVE = YES;
				CLANG_WARN_UNGUARDED_AVAILABILITY = YES_AGGRESSIVE;
				CLANG_WARN_UNREACHABLE_CODE = YES;
				CLANG_WARN__DUPLICATE_METHOD_MATCH = YES;
				COPY_PHASE_STRIP = NO;
				DEBUG_INFORMATION_FORMAT = "dwarf-with-dsym";
				ENABLE_NS_ASSERTIONS = NO;
				ENABLE_STRICT_OBJC_MSGSEND = YES;
				GCC_C_LANGUAGE_STANDARD = gnu11;
				GCC_NO_COMMON_BLOCKS = YES;
				GCC_WARN_64_TO_32_BIT_CONVERSION = YES;
				GCC_WARN_ABOUT_RETURN_TYPE = YES_ERROR;
				GCC_WARN_UNDECLARED_SELECTOR = YES;
				GCC_WARN_UNINITIALIZED_AUTOS = YES_AGGRESSIVE;
				GCC_WARN_UNUSED_FUNCTION = YES;
				GCC_WARN_UNUSED_VARIABLE = YES;
				IPHONEOS_DEPLOYMENT_TARGET = 15.5;
				MTL_ENABLE_DEBUG_INFO = NO;
				MTL_FAST_MATH = YES;
				SDKROOT = iphoneos;
				SWIFT_COMPILATION_MODE = wholemodule;
				SWIFT_OPTIMIZATION_LEVEL = "-O";
				VALIDATE_PRODUCT = YES;
			};
			name = Release;
		};
		80B8FB8A28A9352F00006A47 /* Debug */ = {
			isa = XCBuildConfiguration;
			buildSettings = {
				ASSETCATALOG_COMPILER_APPICON_NAME = AppIcon;
				ASSETCATALOG_COMPILER_GLOBAL_ACCENT_COLOR_NAME = AccentColor;
				CODE_SIGN_STYLE = Automatic;
				CURRENT_PROJECT_VERSION = 1;
				DEVELOPMENT_ASSET_PATHS = "\"weatherApp/Preview Content\"";
				ENABLE_PREVIEWS = YES;
				GENERATE_INFOPLIST_FILE = YES;
				INFOPLIST_FILE = weatherApp/Info.plist;
				INFOPLIST_KEY_NSLocationAlwaysAndWhenInUseUsageDescription = "Location required to use the app";
				INFOPLIST_KEY_NSLocationWhenInUseUsageDescription = "location required ";
				INFOPLIST_KEY_UIApplicationSceneManifest_Generation = YES;
				INFOPLIST_KEY_UIApplicationSupportsIndirectInputEvents = YES;
				INFOPLIST_KEY_UILaunchScreen_Generation = YES;
				INFOPLIST_KEY_UISupportedInterfaceOrientations_iPad = "UIInterfaceOrientationPortrait UIInterfaceOrientationPortraitUpsideDown UIInterfaceOrientationLandscapeLeft UIInterfaceOrientationLandscapeRight";
				INFOPLIST_KEY_UISupportedInterfaceOrientations_iPhone = "UIInterfaceOrientationPortrait UIInterfaceOrientationLandscapeLeft UIInterfaceOrientationLandscapeRight";
				LD_RUNPATH_SEARCH_PATHS = (
					"$(inherited)",
					"@executable_path/Frameworks",
				);
				MARKETING_VERSION = 1.0;
				PRODUCT_BUNDLE_IDENTIFIER = febby.weatherApp;
				PRODUCT_NAME = "$(TARGET_NAME)";
				SWIFT_EMIT_LOC_STRINGS = YES;
				SWIFT_VERSION = 5.0;
				TARGETED_DEVICE_FAMILY = "1,2";
			};
			name = Debug;
		};
		80B8FB8B28A9352F00006A47 /* Release */ = {
			isa = XCBuildConfiguration;
			buildSettings = {
				ASSETCATALOG_COMPILER_APPICON_NAME = AppIcon;
				ASSETCATALOG_COMPILER_GLOBAL_ACCENT_COLOR_NAME = AccentColor;
				CODE_SIGN_STYLE = Automatic;
				CURRENT_PROJECT_VERSION = 1;
				DEVELOPMENT_ASSET_PATHS = "\"weatherApp/Preview Content\"";
				ENABLE_PREVIEWS = YES;
				GENERATE_INFOPLIST_FILE = YES;
				INFOPLIST_FILE = weatherApp/Info.plist;
				INFOPLIST_KEY_NSLocationAlwaysAndWhenInUseUsageDescription = "Location required to use the app";
				INFOPLIST_KEY_NSLocationWhenInUseUsageDescription = "location required ";
				INFOPLIST_KEY_UIApplicationSceneManifest_Generation = YES;
				INFOPLIST_KEY_UIApplicationSupportsIndirectInputEvents = YES;
				INFOPLIST_KEY_UILaunchScreen_Generation = YES;
				INFOPLIST_KEY_UISupportedInterfaceOrientations_iPad = "UIInterfaceOrientationPortrait UIInterfaceOrientationPortraitUpsideDown UIInterfaceOrientationLandscapeLeft UIInterfaceOrientationLandscapeRight";
				INFOPLIST_KEY_UISupportedInterfaceOrientations_iPhone = "UIInterfaceOrientationPortrait UIInterfaceOrientationLandscapeLeft UIInterfaceOrientationLandscapeRight";
				LD_RUNPATH_SEARCH_PATHS = (
					"$(inherited)",
					"@executable_path/Frameworks",
				);
				MARKETING_VERSION = 1.0;
				PRODUCT_BUNDLE_IDENTIFIER = febby.weatherApp;
				PRODUCT_NAME = "$(TARGET_NAME)";
				SWIFT_EMIT_LOC_STRINGS = YES;
				SWIFT_VERSION = 5.0;
				TARGETED_DEVICE_FAMILY = "1,2";
			};
			name = Release;
		};
/* End XCBuildConfiguration section */

/* Begin XCConfigurationList section */
		80B8FB7628A9352800006A47 /* Build configuration list for PBXProject "weatherApp" */ = {
			isa = XCConfigurationList;
			buildConfigurations = (
				80B8FB8728A9352F00006A47 /* Debug */,
				80B8FB8828A9352F00006A47 /* Release */,
			);
			defaultConfigurationIsVisible = 0;
			defaultConfigurationName = Release;
		};
		80B8FB8928A9352F00006A47 /* Build configuration list for PBXNativeTarget "weatherApp" */ = {
			isa = XCConfigurationList;
			buildConfigurations = (
				80B8FB8A28A9352F00006A47 /* Debug */,
				80B8FB8B28A9352F00006A47 /* Release */,
			);
			defaultConfigurationIsVisible = 0;
			defaultConfigurationName = Release;
		};
/* End XCConfigurationList section */
	};
	rootObject = 80B8FB7328A9352800006A47 /* Project object */;
}
